
Microsoft Visual Studio Solution File, Format Version 12.00
# Visual Studio 15
VisualStudioVersion = 15.0.28307.645
MinimumVisualStudioVersion = 10.0.40219.1
Project("{FAE04EC0-301F-11D3-BF4B-00C04F79EFBC}") = "ChangingImprovements", "ChangingUniversalDirectory\ChangingImprovements.csproj", "{36E7EC5A-B739-4F5D-ADA3-32BA6CF3DB18}"
EndProject
Global
	GlobalSection(SolutionConfigurationPlatforms) = preSolution
		Debug|Any CPU = Debug|Any CPU
		Release|Any CPU = Release|Any CPU
	EndGlobalSection
	GlobalSection(ProjectConfigurationPlatforms) = postSolution
		{36E7EC5A-B739-4F5D-ADA3-32BA6CF3DB18}.Debug|Any CPU.ActiveCfg = Debug|Any CPU
		{36E7EC5A-B739-4F5D-ADA3-32BA6CF3DB18}.Debug|Any CPU.Build.0 = Debug|Any CPU
		{36E7EC5A-B739-4F5D-ADA3-32BA6CF3DB18}.Release|Any CPU.ActiveCfg = Release|Any CPU
		{36E7EC5A-B739-4F5D-ADA3-32BA6CF3DB18}.Release|Any CPU.Build.0 = Release|Any CPU
	EndGlobalSection
	GlobalSection(SolutionProperties) = preSolution
		HideSolutionNode = FALSE
	EndGlobalSection
	GlobalSection(ExtensibilityGlobals) = postSolution
		SolutionGuid = {7DC3E93F-0A5E-4989-915B-40F2FC83978E}
	EndGlobalSection
EndGlobal
